
Microsoft Visual Studio Solution File, Format Version 12.00
# Visual Studio Version 17
VisualStudioVersion = 17.12.35527.113
MinimumVisualStudioVersion = 10.0.40219.1
Project("{2150E333-8FDC-42A3-9474-1A3956D46DE8}") = "Solution Items", "Solution Items", "{13764F6B-39A8-41ED-9E69-CEBABA11AFBE}"
	ProjectSection(SolutionItems) = preProject
		.editorconfig = .editorconfig
		Directory.Build.props = Directory.Build.props
	EndProjectSection
EndProject
Project("{2150E333-8FDC-42A3-9474-1A3956D46DE8}") = "src", "src", "{A245CA84-9F42-40B0-9D0F-E5004191E562}"
EndProject
Project("{2150E333-8FDC-42A3-9474-1A3956D46DE8}") = "Modules", "Modules", "{0D760F37-9A9E-4B57-A202-41F43D4CC488}"
EndProject
Project("{2150E333-8FDC-42A3-9474-1A3956D46DE8}") = "Events", "Events", "{D1F5B5AA-1DBC-4B52-BD14-F65F11B5268F}"
EndProject
Project("{2150E333-8FDC-42A3-9474-1A3956D46DE8}") = "API", "API", "{8F3C2B46-BD3D-4148-8CAE-1E3929E27BDB}"
EndProject
Project("{FAE04EC0-301F-11D3-BF4B-00C04F79EFBC}") = "Evently.Api", "src\API\Evently.Api\Evently.Api.csproj", "{6D9D18E8-EE85-4B69-B325-545E31BD2496}"
EndProject
Project("{E53339B2-1760-4266-BCC7-CA923CBCF16C}") = "docker-compose", "docker-compose.dcproj", "{D269B174-B84C-4FE9-85A7-E61355F15CAB}"
EndProject
Project("{FAE04EC0-301F-11D3-BF4B-00C04F79EFBC}") = "Evently.Modules.Events.Domain", "src\Modules\Events\Evently.Modules.Events.Domain\Evently.Modules.Events.Domain.csproj", "{BFF70587-1C48-40B9-9C11-C7C5C9920D22}"
EndProject
Project("{FAE04EC0-301F-11D3-BF4B-00C04F79EFBC}") = "Evently.Modules.Events.Application", "src\Modules\Events\Evently.Modules.Events.Application\Evently.Modules.Events.Application.csproj", "{58C4F916-CDC4-4791-A978-4AAC4130958F}"
EndProject
Project("{FAE04EC0-301F-11D3-BF4B-00C04F79EFBC}") = "Evently.Modules.Events.Infrastructure", "src\Modules\Events\Evently.Modules.Events.Infrastructure\Evently.Modules.Events.Infrastructure.csproj", "{263469DE-BEFC-4977-8692-062C1ED3C6BF}"
EndProject
Project("{FAE04EC0-301F-11D3-BF4B-00C04F79EFBC}") = "Evently.Modules.Events.Presentation", "src\Modules\Events\Evently.Modules.Events.Presentation\Evently.Modules.Events.Presentation.csproj", "{2F9D008F-CF5B-4300-8268-CB2863B6B624}"
EndProject
Project("{2150E333-8FDC-42A3-9474-1A3956D46DE8}") = "Common", "Common", "{EBECA379-508F-4783-80B7-9ACF547F90CB}"
EndProject
Project("{FAE04EC0-301F-11D3-BF4B-00C04F79EFBC}") = "Evently.Common.Application", "src\Common\Evently.Common.Application\Evently.Common.Application.csproj", "{E096A131-0698-4A7C-BC61-4F3601707181}"
EndProject
Project("{FAE04EC0-301F-11D3-BF4B-00C04F79EFBC}") = "Evently.Common.Domain", "src\Common\Evently.Common.Domain\Evently.Common.Domain.csproj", "{3AED3BAC-5324-4B67-B77E-75B39054DE23}"
EndProject
Project("{FAE04EC0-301F-11D3-BF4B-00C04F79EFBC}") = "Evently.Common.Infrastructure", "src\Common\Evently.Common.Infrastructure\Evently.Common.Infrastructure.csproj", "{61BC1B50-82FD-413F-9EE8-F940AC775809}"
EndProject
Project("{FAE04EC0-301F-11D3-BF4B-00C04F79EFBC}") = "Evently.Common.Presentation", "src\Common\Evently.Common.Presentation\Evently.Common.Presentation.csproj", "{6A3BE07E-C9BF-4288-8DE1-4D78464799BE}"
EndProject
Project("{2150E333-8FDC-42A3-9474-1A3956D46DE8}") = "Users", "Users", "{A5F5CBD1-66EF-4D34-BB0D-B334B6B7394F}"
EndProject
Project("{FAE04EC0-301F-11D3-BF4B-00C04F79EFBC}") = "Evently.Modules.Users.Application", "src\Modules\Users\Evently.Modules.Users.Application\Evently.Modules.Users.Application.csproj", "{3B462E76-51BF-44F0-B620-C9CFF5E58987}"
EndProject
Project("{FAE04EC0-301F-11D3-BF4B-00C04F79EFBC}") = "Evently.Modules.Users.Domain", "src\Modules\Users\Evently.Modules.Users.Domain\Evently.Modules.Users.Domain.csproj", "{BE19F23A-68CD-4390-8B1B-0928DB8E7973}"
EndProject
Project("{FAE04EC0-301F-11D3-BF4B-00C04F79EFBC}") = "Evently.Modules.Users.Infrastructure", "src\Modules\Users\Evently.Modules.Users.Infrastructure\Evently.Modules.Users.Infrastructure.csproj", "{058E86D2-E901-4FA8-9A0A-F3AA159A1859}"
EndProject
Project("{FAE04EC0-301F-11D3-BF4B-00C04F79EFBC}") = "Evently.Modules.Users.Presentation", "src\Modules\Users\Evently.Modules.Users.Presentation\Evently.Modules.Users.Presentation.csproj", "{6E0D2E96-B0ED-4DD8-9074-6B855EBDFB90}"
EndProject
Project("{2150E333-8FDC-42A3-9474-1A3956D46DE8}") = "Ticketing", "Ticketing", "{02EA681E-C7D8-13C7-8484-4AC65E1B71E8}"
EndProject
Project("{FAE04EC0-301F-11D3-BF4B-00C04F79EFBC}") = "Evently.Modules.Ticketing.Application", "src\Modules\Ticketing\Evently.Modules.Ticketing.Application\Evently.Modules.Ticketing.Application.csproj", "{D8D2D953-6152-434B-8E97-A284E9E9362D}"
EndProject
Project("{FAE04EC0-301F-11D3-BF4B-00C04F79EFBC}") = "Evently.Modules.Ticketing.Domain", "src\Modules\Ticketing\Evently.Modules.Ticketing.Domain\Evently.Modules.Ticketing.Domain.csproj", "{78626A57-7792-4B1D-9B55-0B277C045251}"
EndProject
Project("{FAE04EC0-301F-11D3-BF4B-00C04F79EFBC}") = "Evently.Modules.Ticketing.Presentation", "src\Modules\Ticketing\Evently.Modules.Ticketing.Presentation\Evently.Modules.Ticketing.Presentation.csproj", "{DD090E4E-81C3-4FB4-828B-D62A68ADDF7E}"
EndProject
Project("{FAE04EC0-301F-11D3-BF4B-00C04F79EFBC}") = "Evently.Modules.Ticketing.Infrastructure", "src\Modules\Ticketing\Evently.Modules.Ticketing.Infrastructure\Evently.Modules.Ticketing.Infrastructure.csproj", "{C6B13A1A-5B40-47D7-AA11-326C2F21F3CC}"
EndProject
Project("{FAE04EC0-301F-11D3-BF4B-00C04F79EFBC}") = "Evently.Modules.Users.PublicApi", "src\Modules\Users\Evently.Modules.Users.PublicApi\Evently.Modules.Users.PublicApi.csproj", "{1723271E-2428-44A5-BA80-6EE1F695CF62}"
EndProject
Project("{FAE04EC0-301F-11D3-BF4B-00C04F79EFBC}") = "Evently.Modules.Events.PublicApi", "src\Modules\Events\Evently.Modules.Events.PublicApi\Evently.Modules.Events.PublicApi.csproj", "{81C07CC9-98B6-40E2-9885-99194B12CC78}"
EndProject
Global
	GlobalSection(SolutionConfigurationPlatforms) = preSolution
		Debug|Any CPU = Debug|Any CPU
		Release|Any CPU = Release|Any CPU
	EndGlobalSection
	GlobalSection(ProjectConfigurationPlatforms) = postSolution
		{6D9D18E8-EE85-4B69-B325-545E31BD2496}.Debug|Any CPU.ActiveCfg = Debug|Any CPU
		{6D9D18E8-EE85-4B69-B325-545E31BD2496}.Debug|Any CPU.Build.0 = Debug|Any CPU
		{6D9D18E8-EE85-4B69-B325-545E31BD2496}.Release|Any CPU.ActiveCfg = Release|Any CPU
		{6D9D18E8-EE85-4B69-B325-545E31BD2496}.Release|Any CPU.Build.0 = Release|Any CPU
		{D269B174-B84C-4FE9-85A7-E61355F15CAB}.Debug|Any CPU.ActiveCfg = Debug|Any CPU
		{D269B174-B84C-4FE9-85A7-E61355F15CAB}.Debug|Any CPU.Build.0 = Debug|Any CPU
		{D269B174-B84C-4FE9-85A7-E61355F15CAB}.Release|Any CPU.ActiveCfg = Release|Any CPU
		{D269B174-B84C-4FE9-85A7-E61355F15CAB}.Release|Any CPU.Build.0 = Release|Any CPU
		{BFF70587-1C48-40B9-9C11-C7C5C9920D22}.Debug|Any CPU.ActiveCfg = Debug|Any CPU
		{BFF70587-1C48-40B9-9C11-C7C5C9920D22}.Debug|Any CPU.Build.0 = Debug|Any CPU
		{BFF70587-1C48-40B9-9C11-C7C5C9920D22}.Release|Any CPU.ActiveCfg = Release|Any CPU
		{BFF70587-1C48-40B9-9C11-C7C5C9920D22}.Release|Any CPU.Build.0 = Release|Any CPU
		{58C4F916-CDC4-4791-A978-4AAC4130958F}.Debug|Any CPU.ActiveCfg = Debug|Any CPU
		{58C4F916-CDC4-4791-A978-4AAC4130958F}.Debug|Any CPU.Build.0 = Debug|Any CPU
		{58C4F916-CDC4-4791-A978-4AAC4130958F}.Release|Any CPU.ActiveCfg = Release|Any CPU
		{58C4F916-CDC4-4791-A978-4AAC4130958F}.Release|Any CPU.Build.0 = Release|Any CPU
		{263469DE-BEFC-4977-8692-062C1ED3C6BF}.Debug|Any CPU.ActiveCfg = Debug|Any CPU
		{263469DE-BEFC-4977-8692-062C1ED3C6BF}.Debug|Any CPU.Build.0 = Debug|Any CPU
		{263469DE-BEFC-4977-8692-062C1ED3C6BF}.Release|Any CPU.ActiveCfg = Release|Any CPU
		{263469DE-BEFC-4977-8692-062C1ED3C6BF}.Release|Any CPU.Build.0 = Release|Any CPU
		{2F9D008F-CF5B-4300-8268-CB2863B6B624}.Debug|Any CPU.ActiveCfg = Debug|Any CPU
		{2F9D008F-CF5B-4300-8268-CB2863B6B624}.Debug|Any CPU.Build.0 = Debug|Any CPU
		{2F9D008F-CF5B-4300-8268-CB2863B6B624}.Release|Any CPU.ActiveCfg = Release|Any CPU
		{2F9D008F-CF5B-4300-8268-CB2863B6B624}.Release|Any CPU.Build.0 = Release|Any CPU
		{E096A131-0698-4A7C-BC61-4F3601707181}.Debug|Any CPU.ActiveCfg = Debug|Any CPU
		{E096A131-0698-4A7C-BC61-4F3601707181}.Debug|Any CPU.Build.0 = Debug|Any CPU
		{E096A131-0698-4A7C-BC61-4F3601707181}.Release|Any CPU.ActiveCfg = Release|Any CPU
		{E096A131-0698-4A7C-BC61-4F3601707181}.Release|Any CPU.Build.0 = Release|Any CPU
		{3AED3BAC-5324-4B67-B77E-75B39054DE23}.Debug|Any CPU.ActiveCfg = Debug|Any CPU
		{3AED3BAC-5324-4B67-B77E-75B39054DE23}.Debug|Any CPU.Build.0 = Debug|Any CPU
		{3AED3BAC-5324-4B67-B77E-75B39054DE23}.Release|Any CPU.ActiveCfg = Release|Any CPU
		{3AED3BAC-5324-4B67-B77E-75B39054DE23}.Release|Any CPU.Build.0 = Release|Any CPU
		{61BC1B50-82FD-413F-9EE8-F940AC775809}.Debug|Any CPU.ActiveCfg = Debug|Any CPU
		{61BC1B50-82FD-413F-9EE8-F940AC775809}.Debug|Any CPU.Build.0 = Debug|Any CPU
		{61BC1B50-82FD-413F-9EE8-F940AC775809}.Release|Any CPU.ActiveCfg = Release|Any CPU
		{61BC1B50-82FD-413F-9EE8-F940AC775809}.Release|Any CPU.Build.0 = Release|Any CPU
		{6A3BE07E-C9BF-4288-8DE1-4D78464799BE}.Debug|Any CPU.ActiveCfg = Debug|Any CPU
		{6A3BE07E-C9BF-4288-8DE1-4D78464799BE}.Debug|Any CPU.Build.0 = Debug|Any CPU
		{6A3BE07E-C9BF-4288-8DE1-4D78464799BE}.Release|Any CPU.ActiveCfg = Release|Any CPU
		{6A3BE07E-C9BF-4288-8DE1-4D78464799BE}.Release|Any CPU.Build.0 = Release|Any CPU
		{3B462E76-51BF-44F0-B620-C9CFF5E58987}.Debug|Any CPU.ActiveCfg = Debug|Any CPU
		{3B462E76-51BF-44F0-B620-C9CFF5E58987}.Debug|Any CPU.Build.0 = Debug|Any CPU
		{3B462E76-51BF-44F0-B620-C9CFF5E58987}.Release|Any CPU.ActiveCfg = Release|Any CPU
		{3B462E76-51BF-44F0-B620-C9CFF5E58987}.Release|Any CPU.Build.0 = Release|Any CPU
		{BE19F23A-68CD-4390-8B1B-0928DB8E7973}.Debug|Any CPU.ActiveCfg = Debug|Any CPU
		{BE19F23A-68CD-4390-8B1B-0928DB8E7973}.Debug|Any CPU.Build.0 = Debug|Any CPU
		{BE19F23A-68CD-4390-8B1B-0928DB8E7973}.Release|Any CPU.ActiveCfg = Release|Any CPU
		{BE19F23A-68CD-4390-8B1B-0928DB8E7973}.Release|Any CPU.Build.0 = Release|Any CPU
		{058E86D2-E901-4FA8-9A0A-F3AA159A1859}.Debug|Any CPU.ActiveCfg = Debug|Any CPU
		{058E86D2-E901-4FA8-9A0A-F3AA159A1859}.Debug|Any CPU.Build.0 = Debug|Any CPU
		{058E86D2-E901-4FA8-9A0A-F3AA159A1859}.Release|Any CPU.ActiveCfg = Release|Any CPU
		{058E86D2-E901-4FA8-9A0A-F3AA159A1859}.Release|Any CPU.Build.0 = Release|Any CPU
		{6E0D2E96-B0ED-4DD8-9074-6B855EBDFB90}.Debug|Any CPU.ActiveCfg = Debug|Any CPU
		{6E0D2E96-B0ED-4DD8-9074-6B855EBDFB90}.Debug|Any CPU.Build.0 = Debug|Any CPU
		{6E0D2E96-B0ED-4DD8-9074-6B855EBDFB90}.Release|Any CPU.ActiveCfg = Release|Any CPU
		{6E0D2E96-B0ED-4DD8-9074-6B855EBDFB90}.Release|Any CPU.Build.0 = Release|Any CPU
		{D8D2D953-6152-434B-8E97-A284E9E9362D}.Debug|Any CPU.ActiveCfg = Debug|Any CPU
		{D8D2D953-6152-434B-8E97-A284E9E9362D}.Debug|Any CPU.Build.0 = Debug|Any CPU
		{D8D2D953-6152-434B-8E97-A284E9E9362D}.Release|Any CPU.ActiveCfg = Release|Any CPU
		{D8D2D953-6152-434B-8E97-A284E9E9362D}.Release|Any CPU.Build.0 = Release|Any CPU
		{78626A57-7792-4B1D-9B55-0B277C045251}.Debug|Any CPU.ActiveCfg = Debug|Any CPU
		{78626A57-7792-4B1D-9B55-0B277C045251}.Debug|Any CPU.Build.0 = Debug|Any CPU
		{78626A57-7792-4B1D-9B55-0B277C045251}.Release|Any CPU.ActiveCfg = Release|Any CPU
		{78626A57-7792-4B1D-9B55-0B277C045251}.Release|Any CPU.Build.0 = Release|Any CPU
		{DD090E4E-81C3-4FB4-828B-D62A68ADDF7E}.Debug|Any CPU.ActiveCfg = Debug|Any CPU
		{DD090E4E-81C3-4FB4-828B-D62A68ADDF7E}.Debug|Any CPU.Build.0 = Debug|Any CPU
		{DD090E4E-81C3-4FB4-828B-D62A68ADDF7E}.Release|Any CPU.ActiveCfg = Release|Any CPU
		{DD090E4E-81C3-4FB4-828B-D62A68ADDF7E}.Release|Any CPU.Build.0 = Release|Any CPU
		{C6B13A1A-5B40-47D7-AA11-326C2F21F3CC}.Debug|Any CPU.ActiveCfg = Debug|Any CPU
		{C6B13A1A-5B40-47D7-AA11-326C2F21F3CC}.Debug|Any CPU.Build.0 = Debug|Any CPU
		{C6B13A1A-5B40-47D7-AA11-326C2F21F3CC}.Release|Any CPU.ActiveCfg = Release|Any CPU
		{C6B13A1A-5B40-47D7-AA11-326C2F21F3CC}.Release|Any CPU.Build.0 = Release|Any CPU
		{1723271E-2428-44A5-BA80-6EE1F695CF62}.Debug|Any CPU.ActiveCfg = Debug|Any CPU
		{1723271E-2428-44A5-BA80-6EE1F695CF62}.Debug|Any CPU.Build.0 = Debug|Any CPU
		{1723271E-2428-44A5-BA80-6EE1F695CF62}.Release|Any CPU.ActiveCfg = Release|Any CPU
		{1723271E-2428-44A5-BA80-6EE1F695CF62}.Release|Any CPU.Build.0 = Release|Any CPU
		{81C07CC9-98B6-40E2-9885-99194B12CC78}.Debug|Any CPU.ActiveCfg = Debug|Any CPU
		{81C07CC9-98B6-40E2-9885-99194B12CC78}.Debug|Any CPU.Build.0 = Debug|Any CPU
		{81C07CC9-98B6-40E2-9885-99194B12CC78}.Release|Any CPU.ActiveCfg = Release|Any CPU
		{81C07CC9-98B6-40E2-9885-99194B12CC78}.Release|Any CPU.Build.0 = Release|Any CPU
	EndGlobalSection
	GlobalSection(SolutionProperties) = preSolution
		HideSolutionNode = FALSE
	EndGlobalSection
	GlobalSection(NestedProjects) = preSolution
		{0D760F37-9A9E-4B57-A202-41F43D4CC488} = {A245CA84-9F42-40B0-9D0F-E5004191E562}
		{D1F5B5AA-1DBC-4B52-BD14-F65F11B5268F} = {0D760F37-9A9E-4B57-A202-41F43D4CC488}
		{8F3C2B46-BD3D-4148-8CAE-1E3929E27BDB} = {A245CA84-9F42-40B0-9D0F-E5004191E562}
		{6D9D18E8-EE85-4B69-B325-545E31BD2496} = {8F3C2B46-BD3D-4148-8CAE-1E3929E27BDB}
		{BFF70587-1C48-40B9-9C11-C7C5C9920D22} = {D1F5B5AA-1DBC-4B52-BD14-F65F11B5268F}
		{58C4F916-CDC4-4791-A978-4AAC4130958F} = {D1F5B5AA-1DBC-4B52-BD14-F65F11B5268F}
		{263469DE-BEFC-4977-8692-062C1ED3C6BF} = {D1F5B5AA-1DBC-4B52-BD14-F65F11B5268F}
		{2F9D008F-CF5B-4300-8268-CB2863B6B624} = {D1F5B5AA-1DBC-4B52-BD14-F65F11B5268F}
		{EBECA379-508F-4783-80B7-9ACF547F90CB} = {A245CA84-9F42-40B0-9D0F-E5004191E562}
		{E096A131-0698-4A7C-BC61-4F3601707181} = {EBECA379-508F-4783-80B7-9ACF547F90CB}
		{3AED3BAC-5324-4B67-B77E-75B39054DE23} = {EBECA379-508F-4783-80B7-9ACF547F90CB}
		{61BC1B50-82FD-413F-9EE8-F940AC775809} = {EBECA379-508F-4783-80B7-9ACF547F90CB}
		{6A3BE07E-C9BF-4288-8DE1-4D78464799BE} = {EBECA379-508F-4783-80B7-9ACF547F90CB}
		{A5F5CBD1-66EF-4D34-BB0D-B334B6B7394F} = {0D760F37-9A9E-4B57-A202-41F43D4CC488}
		{3B462E76-51BF-44F0-B620-C9CFF5E58987} = {A5F5CBD1-66EF-4D34-BB0D-B334B6B7394F}
		{BE19F23A-68CD-4390-8B1B-0928DB8E7973} = {A5F5CBD1-66EF-4D34-BB0D-B334B6B7394F}
		{058E86D2-E901-4FA8-9A0A-F3AA159A1859} = {A5F5CBD1-66EF-4D34-BB0D-B334B6B7394F}
		{6E0D2E96-B0ED-4DD8-9074-6B855EBDFB90} = {A5F5CBD1-66EF-4D34-BB0D-B334B6B7394F}
		{02EA681E-C7D8-13C7-8484-4AC65E1B71E8} = {0D760F37-9A9E-4B57-A202-41F43D4CC488}
		{D8D2D953-6152-434B-8E97-A284E9E9362D} = {02EA681E-C7D8-13C7-8484-4AC65E1B71E8}
		{78626A57-7792-4B1D-9B55-0B277C045251} = {02EA681E-C7D8-13C7-8484-4AC65E1B71E8}
		{DD090E4E-81C3-4FB4-828B-D62A68ADDF7E} = {02EA681E-C7D8-13C7-8484-4AC65E1B71E8}
		{C6B13A1A-5B40-47D7-AA11-326C2F21F3CC} = {02EA681E-C7D8-13C7-8484-4AC65E1B71E8}
		{1723271E-2428-44A5-BA80-6EE1F695CF62} = {A5F5CBD1-66EF-4D34-BB0D-B334B6B7394F}
		{81C07CC9-98B6-40E2-9885-99194B12CC78} = {D1F5B5AA-1DBC-4B52-BD14-F65F11B5268F}
	EndGlobalSection
	GlobalSection(ExtensibilityGlobals) = postSolution
		SolutionGuid = {A8D2A77D-C646-4D2B-9E87-4427BDEA164E}
	EndGlobalSection
EndGlobal
